// !$*UTF8*$!
{
	archiveVersion = 1;
	classes = {
	};
	objectVersion = 46;
	objects = {

/* Begin PBXBuildFile section */
		7F3925D316893DD1006AF06C /* UIKit.framework in Frameworks */ = {isa = PBXBuildFile; fileRef = 7F3925D216893DD1006AF06C /* UIKit.framework */; };
		7F3925D516893DD1006AF06C /* Foundation.framework in Frameworks */ = {isa = PBXBuildFile; fileRef = 7F3925D416893DD1006AF06C /* Foundation.framework */; };
		7F3925D716893DD1006AF06C /* CoreGraphics.framework in Frameworks */ = {isa = PBXBuildFile; fileRef = 7F3925D616893DD1006AF06C /* CoreGraphics.framework */; };
		7F3925DD16893DD1006AF06C /* InfoPlist.strings in Resources */ = {isa = PBXBuildFile; fileRef = 7F3925DB16893DD1006AF06C /* InfoPlist.strings */; };
		7F3925DF16893DD1006AF06C /* main.m in Sources */ = {isa = PBXBuildFile; fileRef = 7F3925DE16893DD1006AF06C /* main.m */; };
		7F3925E316893DD1006AF06C /* AppDelegate.m in Sources */ = {isa = PBXBuildFile; fileRef = 7F3925E216893DD1006AF06C /* AppDelegate.m */; };
		7F3925E516893DD1006AF06C /* Default.png in Resources */ = {isa = PBXBuildFile; fileRef = 7F3925E416893DD1006AF06C /* Default.png */; };
		7F3925E716893DD1006AF06C /* Default@2x.png in Resources */ = {isa = PBXBuildFile; fileRef = 7F3925E616893DD1006AF06C /* Default@2x.png */; };
		7F3925E916893DD1006AF06C /* Default-568h@2x.png in Resources */ = {isa = PBXBuildFile; fileRef = 7F3925E816893DD1006AF06C /* Default-568h@2x.png */; };
		7F3925EC16893DD1006AF06C /* ViewController.m in Sources */ = {isa = PBXBuildFile; fileRef = 7F3925EB16893DD1006AF06C /* ViewController.m */; };
		7F3925EF16893DD1006AF06C /* ViewController.xib in Resources */ = {isa = PBXBuildFile; fileRef = 7F3925ED16893DD1006AF06C /* ViewController.xib */; };
		7F3925F716893DD2006AF06C /* SenTestingKit.framework in Frameworks */ = {isa = PBXBuildFile; fileRef = 7F3925F616893DD2006AF06C /* SenTestingKit.framework */; };
		7F3925F816893DD2006AF06C /* UIKit.framework in Frameworks */ = {isa = PBXBuildFile; fileRef = 7F3925D216893DD1006AF06C /* UIKit.framework */; };
		7F3925F916893DD2006AF06C /* Foundation.framework in Frameworks */ = {isa = PBXBuildFile; fileRef = 7F3925D416893DD1006AF06C /* Foundation.framework */; };
		7F39260116893DD2006AF06C /* InfoPlist.strings in Resources */ = {isa = PBXBuildFile; fileRef = 7F3925FF16893DD2006AF06C /* InfoPlist.strings */; };
		7F39260416893DD2006AF06C /* ViewDemoSWTests.m in Sources */ = {isa = PBXBuildFile; fileRef = 7F39260316893DD2006AF06C /* ViewDemoSWTests.m */; };
		7FB8C33B168C3B3000344625 /* GradientView.m in Sources */ = {isa = PBXBuildFile; fileRef = 7FB8C338168C3B3000344625 /* GradientView.m */; };
		7FB8C33C168C3B3000344625 /* ProgressView.m in Sources */ = {isa = PBXBuildFile; fileRef = 7FB8C33A168C3B3000344625 /* ProgressView.m */; };
		7FB8C340168C3B5200344625 /* ProgressGradientViewController.m in Sources */ = {isa = PBXBuildFile; fileRef = 7FB8C33E168C3B5200344625 /* ProgressGradientViewController.m */; };
		7FB8C341168C3B5200344625 /* ProgressGradientViewController.xib in Resources */ = {isa = PBXBuildFile; fileRef = 7FB8C33F168C3B5200344625 /* ProgressGradientViewController.xib */; };
		7FB8C345168C3BBE00344625 /* ImageExpandViewController.m in Sources */ = {isa = PBXBuildFile; fileRef = 7FB8C343168C3BBE00344625 /* ImageExpandViewController.m */; };
		7FB8C346168C3BBE00344625 /* ImageExpandViewController.xib in Resources */ = {isa = PBXBuildFile; fileRef = 7FB8C344168C3BBE00344625 /* ImageExpandViewController.xib */; };
		7FB8C34A168C42A700344625 /* 转发_bg.png in Resources */ = {isa = PBXBuildFile; fileRef = 7FB8C349168C42A700344625 /* 转发_bg.png */; };
/* End PBXBuildFile section */

/* Begin PBXContainerItemProxy section */
		7F3925FA16893DD2006AF06C /* PBXContainerItemProxy */ = {
			isa = PBXContainerItemProxy;
			containerPortal = 7F3925C516893DD1006AF06C /* Project object */;
			proxyType = 1;
			remoteGlobalIDString = 7F3925CD16893DD1006AF06C;
			remoteInfo = ViewDemoSW;
		};
/* End PBXContainerItemProxy section */

/* Begin PBXFileReference section */
		7F3925CE16893DD1006AF06C /* ViewDemoSW.app */ = {isa = PBXFileReference; explicitFileType = wrapper.application; includeInIndex = 0; path = ViewDemoSW.app; sourceTree = BUILT_PRODUCTS_DIR; };
		7F3925D216893DD1006AF06C /* UIKit.framework */ = {isa = PBXFileReference; lastKnownFileType = wrapper.framework; name = UIKit.framework; path = System/Library/Frameworks/UIKit.framework; sourceTree = SDKROOT; };
		7F3925D416893DD1006AF06C /* Foundation.framework */ = {isa = PBXFileReference; lastKnownFileType = wrapper.framework; name = Foundation.framework; path = System/Library/Frameworks/Foundation.framework; sourceTree = SDKROOT; };
		7F3925D616893DD1006AF06C /* CoreGraphics.framework */ = {isa = PBXFileReference; lastKnownFileType = wrapper.framework; name = CoreGraphics.framework; path = System/Library/Frameworks/CoreGraphics.framework; sourceTree = SDKROOT; };
		7F3925DA16893DD1006AF06C /* ViewDemoSW-Info.plist */ = {isa = PBXFileReference; lastKnownFileType = text.plist.xml; path = "ViewDemoSW-Info.plist"; sourceTree = "<group>"; };
		7F3925DC16893DD1006AF06C /* en */ = {isa = PBXFileReference; lastKnownFileType = text.plist.strings; name = en; path = en.lproj/InfoPlist.strings; sourceTree = "<group>"; };
		7F3925DE16893DD1006AF06C /* main.m */ = {isa = PBXFileReference; lastKnownFileType = sourcecode.c.objc; path = main.m; sourceTree = "<group>"; };
		7F3925E016893DD1006AF06C /* ViewDemoSW-Prefix.pch */ = {isa = PBXFileReference; lastKnownFileType = sourcecode.c.h; path = "ViewDemoSW-Prefix.pch"; sourceTree = "<group>"; };
		7F3925E116893DD1006AF06C /* AppDelegate.h */ = {isa = PBXFileReference; lastKnownFileType = sourcecode.c.h; path = AppDelegate.h; sourceTree = "<group>"; };
		7F3925E216893DD1006AF06C /* AppDelegate.m */ = {isa = PBXFileReference; lastKnownFileType = sourcecode.c.objc; path = AppDelegate.m; sourceTree = "<group>"; };
		7F3925E416893DD1006AF06C /* Default.png */ = {isa = PBXFileReference; lastKnownFileType = image.png; path = Default.png; sourceTree = "<group>"; };
		7F3925E616893DD1006AF06C /* Default@2x.png */ = {isa = PBXFileReference; lastKnownFileType = image.png; path = "Default@2x.png"; sourceTree = "<group>"; };
		7F3925E816893DD1006AF06C /* Default-568h@2x.png */ = {isa = PBXFileReference; lastKnownFileType = image.png; path = "Default-568h@2x.png"; sourceTree = "<group>"; };
		7F3925EA16893DD1006AF06C /* ViewController.h */ = {isa = PBXFileReference; lastKnownFileType = sourcecode.c.h; path = ViewController.h; sourceTree = "<group>"; };
		7F3925EB16893DD1006AF06C /* ViewController.m */ = {isa = PBXFileReference; lastKnownFileType = sourcecode.c.objc; path = ViewController.m; sourceTree = "<group>"; };
		7F3925EE16893DD1006AF06C /* en */ = {isa = PBXFileReference; lastKnownFileType = file.xib; name = en; path = en.lproj/ViewController.xib; sourceTree = "<group>"; };
		7F3925F516893DD2006AF06C /* ViewDemoSWTests.octest */ = {isa = PBXFileReference; explicitFileType = wrapper.cfbundle; includeInIndex = 0; path = ViewDemoSWTests.octest; sourceTree = BUILT_PRODUCTS_DIR; };
		7F3925F616893DD2006AF06C /* SenTestingKit.framework */ = {isa = PBXFileReference; lastKnownFileType = wrapper.framework; name = SenTestingKit.framework; path = Library/Frameworks/SenTestingKit.framework; sourceTree = DEVELOPER_DIR; };
		7F3925FE16893DD2006AF06C /* ViewDemoSWTests-Info.plist */ = {isa = PBXFileReference; lastKnownFileType = text.plist.xml; path = "ViewDemoSWTests-Info.plist"; sourceTree = "<group>"; };
		7F39260016893DD2006AF06C /* en */ = {isa = PBXFileReference; lastKnownFileType = text.plist.strings; name = en; path = en.lproj/InfoPlist.strings; sourceTree = "<group>"; };
		7F39260216893DD2006AF06C /* ViewDemoSWTests.h */ = {isa = PBXFileReference; lastKnownFileType = sourcecode.c.h; path = ViewDemoSWTests.h; sourceTree = "<group>"; };
		7F39260316893DD2006AF06C /* ViewDemoSWTests.m */ = {isa = PBXFileReference; lastKnownFileType = sourcecode.c.objc; path = ViewDemoSWTests.m; sourceTree = "<group>"; };
		7FB8C337168C3B3000344625 /* GradientView.h */ = {isa = PBXFileReference; fileEncoding = 4; lastKnownFileType = sourcecode.c.h; path = GradientView.h; sourceTree = "<group>"; };
		7FB8C338168C3B3000344625 /* GradientView.m */ = {isa = PBXFileReference; fileEncoding = 4; lastKnownFileType = sourcecode.c.objc; path = GradientView.m; sourceTree = "<group>"; };
		7FB8C339168C3B3000344625 /* ProgressView.h */ = {isa = PBXFileReference; fileEncoding = 4; lastKnownFileType = sourcecode.c.h; path = ProgressView.h; sourceTree = "<group>"; };
		7FB8C33A168C3B3000344625 /* ProgressView.m */ = {isa = PBXFileReference; fileEncoding = 4; lastKnownFileType = sourcecode.c.objc; path = ProgressView.m; sourceTree = "<group>"; };
		7FB8C33D168C3B5200344625 /* ProgressGradientViewController.h */ = {isa = PBXFileReference; fileEncoding = 4; lastKnownFileType = sourcecode.c.h; path = ProgressGradientViewController.h; sourceTree = "<group>"; };
		7FB8C33E168C3B5200344625 /* ProgressGradientViewController.m */ = {isa = PBXFileReference; fileEncoding = 4; lastKnownFileType = sourcecode.c.objc; path = ProgressGradientViewController.m; sourceTree = "<group>"; };
		7FB8C33F168C3B5200344625 /* ProgressGradientViewController.xib */ = {isa = PBXFileReference; fileEncoding = 4; lastKnownFileType = file.xib; path = ProgressGradientViewController.xib; sourceTree = "<group>"; };
		7FB8C342168C3BBE00344625 /* ImageExpandViewController.h */ = {isa = PBXFileReference; fileEncoding = 4; lastKnownFileType = sourcecode.c.h; path = ImageExpandViewController.h; sourceTree = "<group>"; };
		7FB8C343168C3BBE00344625 /* ImageExpandViewController.m */ = {isa = PBXFileReference; fileEncoding = 4; lastKnownFileType = sourcecode.c.objc; path = ImageExpandViewController.m; sourceTree = "<group>"; };
		7FB8C344168C3BBE00344625 /* ImageExpandViewController.xib */ = {isa = PBXFileReference; fileEncoding = 4; lastKnownFileType = file.xib; path = ImageExpandViewController.xib; sourceTree = "<group>"; };
		7FB8C349168C42A700344625 /* 转发_bg.png */ = {isa = PBXFileReference; lastKnownFileType = image.png; path = "转发_bg.png"; sourceTree = "<group>"; };
/* End PBXFileReference section */

/* Begin PBXFrameworksBuildPhase section */
		7F3925CB16893DD1006AF06C /* Frameworks */ = {
			isa = PBXFrameworksBuildPhase;
			buildActionMask = 2147483647;
			files = (
				7F3925D316893DD1006AF06C /* UIKit.framework in Frameworks */,
				7F3925D516893DD1006AF06C /* Foundation.framework in Frameworks */,
				7F3925D716893DD1006AF06C /* CoreGraphics.framework in Frameworks */,
			);
			runOnlyForDeploymentPostprocessing = 0;
		};
		7F3925F116893DD2006AF06C /* Frameworks */ = {
			isa = PBXFrameworksBuildPhase;
			buildActionMask = 2147483647;
			files = (
				7F3925F716893DD2006AF06C /* SenTestingKit.framework in Frameworks */,
				7F3925F816893DD2006AF06C /* UIKit.framework in Frameworks */,
				7F3925F916893DD2006AF06C /* Foundation.framework in Frameworks */,
			);
			runOnlyForDeploymentPostprocessing = 0;
		};
/* End PBXFrameworksBuildPhase section */

/* Begin PBXGroup section */
		7F3925C316893DD1006AF06C = {
			isa = PBXGroup;
			children = (
				7FB8C348168C429B00344625 /* Res */,
				7F39260E16893E44006AF06C /* AllView */,
				7F3925D816893DD1006AF06C /* ViewDemoSW */,
				7F3925FC16893DD2006AF06C /* ViewDemoSWTests */,
				7F3925D116893DD1006AF06C /* Frameworks */,
				7F3925CF16893DD1006AF06C /* Products */,
			);
			sourceTree = "<group>";
		};
		7F3925CF16893DD1006AF06C /* Products */ = {
			isa = PBXGroup;
			children = (
				7F3925CE16893DD1006AF06C /* ViewDemoSW.app */,
				7F3925F516893DD2006AF06C /* ViewDemoSWTests.octest */,
			);
			name = Products;
			sourceTree = "<group>";
		};
		7F3925D116893DD1006AF06C /* Frameworks */ = {
			isa = PBXGroup;
			children = (
				7F3925D216893DD1006AF06C /* UIKit.framework */,
				7F3925D416893DD1006AF06C /* Foundation.framework */,
				7F3925D616893DD1006AF06C /* CoreGraphics.framework */,
				7F3925F616893DD2006AF06C /* SenTestingKit.framework */,
			);
			name = Frameworks;
			sourceTree = "<group>";
		};
		7F3925D816893DD1006AF06C /* ViewDemoSW */ = {
			isa = PBXGroup;
			children = (
				7F3925E116893DD1006AF06C /* AppDelegate.h */,
				7F3925E216893DD1006AF06C /* AppDelegate.m */,
				7F3925EA16893DD1006AF06C /* ViewController.h */,
				7F3925EB16893DD1006AF06C /* ViewController.m */,
				7F3925ED16893DD1006AF06C /* ViewController.xib */,
				7F3925D916893DD1006AF06C /* Supporting Files */,
			);
			path = ViewDemoSW;
			sourceTree = "<group>";
		};
		7F3925D916893DD1006AF06C /* Supporting Files */ = {
			isa = PBXGroup;
			children = (
				7F3925DA16893DD1006AF06C /* ViewDemoSW-Info.plist */,
				7F3925DB16893DD1006AF06C /* InfoPlist.strings */,
				7F3925DE16893DD1006AF06C /* main.m */,
				7F3925E016893DD1006AF06C /* ViewDemoSW-Prefix.pch */,
				7F3925E416893DD1006AF06C /* Default.png */,
				7F3925E616893DD1006AF06C /* Default@2x.png */,
				7F3925E816893DD1006AF06C /* Default-568h@2x.png */,
			);
			name = "Supporting Files";
			sourceTree = "<group>";
		};
		7F3925FC16893DD2006AF06C /* ViewDemoSWTests */ = {
			isa = PBXGroup;
			children = (
				7F39260216893DD2006AF06C /* ViewDemoSWTests.h */,
				7F39260316893DD2006AF06C /* ViewDemoSWTests.m */,
				7F3925FD16893DD2006AF06C /* Supporting Files */,
			);
			path = ViewDemoSWTests;
			sourceTree = "<group>";
		};
		7F3925FD16893DD2006AF06C /* Supporting Files */ = {
			isa = PBXGroup;
			children = (
				7F3925FE16893DD2006AF06C /* ViewDemoSWTests-Info.plist */,
				7F3925FF16893DD2006AF06C /* InfoPlist.strings */,
			);
			name = "Supporting Files";
			sourceTree = "<group>";
		};
		7F39260E16893E44006AF06C /* AllView */ = {
			isa = PBXGroup;
			children = (
				7FB8C335168C3B3000344625 /* ImageViewExpand */,
				7FB8C336168C3B3000344625 /* ProgressGradient */,
			);
			name = AllView;
			path = ViewDemoSW/AllView;
			sourceTree = "<group>";
		};
		7FB8C335168C3B3000344625 /* ImageViewExpand */ = {
			isa = PBXGroup;
			children = (
				7FB8C342168C3BBE00344625 /* ImageExpandViewController.h */,
				7FB8C343168C3BBE00344625 /* ImageExpandViewController.m */,
				7FB8C344168C3BBE00344625 /* ImageExpandViewController.xib */,
			);
			path = ImageViewExpand;
			sourceTree = "<group>";
		};
		7FB8C336168C3B3000344625 /* ProgressGradient */ = {
			isa = PBXGroup;
			children = (
				7FB8C337168C3B3000344625 /* GradientView.h */,
				7FB8C338168C3B3000344625 /* GradientView.m */,
				7FB8C339168C3B3000344625 /* ProgressView.h */,
				7FB8C33A168C3B3000344625 /* ProgressView.m */,
				7FB8C33D168C3B5200344625 /* ProgressGradientViewController.h */,
				7FB8C33E168C3B5200344625 /* ProgressGradientViewController.m */,
				7FB8C33F168C3B5200344625 /* ProgressGradientViewController.xib */,
			);
			path = ProgressGradient;
			sourceTree = "<group>";
		};
		7FB8C348168C429B00344625 /* Res */ = {
			isa = PBXGroup;
			children = (
				7FB8C349168C42A700344625 /* 转发_bg.png */,
			);
			path = Res;
			sourceTree = "<group>";
		};
/* End PBXGroup section */

/* Begin PBXNativeTarget section */
		7F3925CD16893DD1006AF06C /* ViewDemoSW */ = {
			isa = PBXNativeTarget;
			buildConfigurationList = 7F39260716893DD2006AF06C /* Build configuration list for PBXNativeTarget "ViewDemoSW" */;
			buildPhases = (
				7F3925CA16893DD1006AF06C /* Sources */,
				7F3925CB16893DD1006AF06C /* Frameworks */,
				7F3925CC16893DD1006AF06C /* Resources */,
			);
			buildRules = (
			);
			dependencies = (
			);
			name = ViewDemoSW;
			productName = ViewDemoSW;
			productReference = 7F3925CE16893DD1006AF06C /* ViewDemoSW.app */;
			productType = "com.apple.product-type.application";
		};
		7F3925F416893DD2006AF06C /* ViewDemoSWTests */ = {
			isa = PBXNativeTarget;
			buildConfigurationList = 7F39260A16893DD2006AF06C /* Build configuration list for PBXNativeTarget "ViewDemoSWTests" */;
			buildPhases = (
				7F3925F016893DD2006AF06C /* Sources */,
				7F3925F116893DD2006AF06C /* Frameworks */,
				7F3925F216893DD2006AF06C /* Resources */,
				7F3925F316893DD2006AF06C /* ShellScript */,
			);
			buildRules = (
			);
			dependencies = (
				7F3925FB16893DD2006AF06C /* PBXTargetDependency */,
			);
			name = ViewDemoSWTests;
			productName = ViewDemoSWTests;
			productReference = 7F3925F516893DD2006AF06C /* ViewDemoSWTests.octest */;
			productType = "com.apple.product-type.bundle";
		};
/* End PBXNativeTarget section */

/* Begin PBXProject section */
		7F3925C516893DD1006AF06C /* Project object */ = {
			isa = PBXProject;
			attributes = {
				LastUpgradeCheck = 0450;
				ORGANIZATIONNAME = LianZhan;
			};
			buildConfigurationList = 7F3925C816893DD1006AF06C /* Build configuration list for PBXProject "ViewDemoSW" */;
			compatibilityVersion = "Xcode 3.2";
			developmentRegion = English;
			hasScannedForEncodings = 0;
			knownRegions = (
				en,
			);
			mainGroup = 7F3925C316893DD1006AF06C;
			productRefGroup = 7F3925CF16893DD1006AF06C /* Products */;
			projectDirPath = "";
			projectRoot = "";
			targets = (
				7F3925CD16893DD1006AF06C /* ViewDemoSW */,
				7F3925F416893DD2006AF06C /* ViewDemoSWTests */,
			);
		};
/* End PBXProject section */

/* Begin PBXResourcesBuildPhase section */
		7F3925CC16893DD1006AF06C /* Resources */ = {
			isa = PBXResourcesBuildPhase;
			buildActionMask = 2147483647;
			files = (
				7F3925DD16893DD1006AF06C /* InfoPlist.strings in Resources */,
				7F3925E516893DD1006AF06C /* Default.png in Resources */,
				7F3925E716893DD1006AF06C /* Default@2x.png in Resources */,
				7F3925E916893DD1006AF06C /* Default-568h@2x.png in Resources */,
				7F3925EF16893DD1006AF06C /* ViewController.xib in Resources */,
				7FB8C341168C3B5200344625 /* ProgressGradientViewController.xib in Resources */,
				7FB8C346168C3BBE00344625 /* ImageExpandViewController.xib in Resources */,
				7FB8C34A168C42A700344625 /* 转发_bg.png in Resources */,
			);
			runOnlyForDeploymentPostprocessing = 0;
		};
		7F3925F216893DD2006AF06C /* Resources */ = {
			isa = PBXResourcesBuildPhase;
			buildActionMask = 2147483647;
			files = (
				7F39260116893DD2006AF06C /* InfoPlist.strings in Resources */,
			);
			runOnlyForDeploymentPostprocessing = 0;
		};
/* End PBXResourcesBuildPhase section */

/* Begin PBXShellScriptBuildPhase section */
		7F3925F316893DD2006AF06C /* ShellScript */ = {
			isa = PBXShellScriptBuildPhase;
			buildActionMask = 2147483647;
			files = (
			);
			inputPaths = (
			);
			outputPaths = (
			);
			runOnlyForDeploymentPostprocessing = 0;
			shellPath = /bin/sh;
			shellScript = "# Run the unit tests in this test bundle.\n\"${SYSTEM_DEVELOPER_DIR}/Tools/RunUnitTests\"\n";
		};
/* End PBXShellScriptBuildPhase section */

/* Begin PBXSourcesBuildPhase section */
		7F3925CA16893DD1006AF06C /* Sources */ = {
			isa = PBXSourcesBuildPhase;
			buildActionMask = 2147483647;
			files = (
				7F3925DF16893DD1006AF06C /* main.m in Sources */,
				7F3925E316893DD1006AF06C /* AppDelegate.m in Sources */,
				7F3925EC16893DD1006AF06C /* ViewController.m in Sources */,
				7FB8C33B168C3B3000344625 /* GradientView.m in Sources */,
				7FB8C33C168C3B3000344625 /* ProgressView.m in Sources */,
				7FB8C340168C3B5200344625 /* ProgressGradientViewController.m in Sources */,
				7FB8C345168C3BBE00344625 /* ImageExpandViewController.m in Sources */,
			);
			runOnlyForDeploymentPostprocessing = 0;
		};
		7F3925F016893DD2006AF06C /* Sources */ = {
			isa = PBXSourcesBuildPhase;
			buildActionMask = 2147483647;
			files = (
				7F39260416893DD2006AF06C /* ViewDemoSWTests.m in Sources */,
			);
			runOnlyForDeploymentPostprocessing = 0;
		};
/* End PBXSourcesBuildPhase section */

/* Begin PBXTargetDependency section */
		7F3925FB16893DD2006AF06C /* PBXTargetDependency */ = {
			isa = PBXTargetDependency;
			target = 7F3925CD16893DD1006AF06C /* ViewDemoSW */;
			targetProxy = 7F3925FA16893DD2006AF06C /* PBXContainerItemProxy */;
		};
/* End PBXTargetDependency section */

/* Begin PBXVariantGroup section */
		7F3925DB16893DD1006AF06C /* InfoPlist.strings */ = {
			isa = PBXVariantGroup;
			children = (
				7F3925DC16893DD1006AF06C /* en */,
			);
			name = InfoPlist.strings;
			sourceTree = "<group>";
		};
		7F3925ED16893DD1006AF06C /* ViewController.xib */ = {
			isa = PBXVariantGroup;
			children = (
				7F3925EE16893DD1006AF06C /* en */,
			);
			name = ViewController.xib;
			sourceTree = "<group>";
		};
		7F3925FF16893DD2006AF06C /* InfoPlist.strings */ = {
			isa = PBXVariantGroup;
			children = (
				7F39260016893DD2006AF06C /* en */,
			);
			name = InfoPlist.strings;
			sourceTree = "<group>";
		};
/* End PBXVariantGroup section */

/* Begin XCBuildConfiguration section */
		7F39260516893DD2006AF06C /* Debug */ = {
			isa = XCBuildConfiguration;
			buildSettings = {
				ALWAYS_SEARCH_USER_PATHS = NO;
				CLANG_CXX_LANGUAGE_STANDARD = "gnu++0x";
				CLANG_CXX_LIBRARY = "libc++";
				CLANG_WARN_EMPTY_BODY = YES;
				CLANG_WARN__DUPLICATE_METHOD_MATCH = YES;
				"CODE_SIGN_IDENTITY[sdk=iphoneos*]" = "iPhone Developer";
				COPY_PHASE_STRIP = NO;
				GCC_C_LANGUAGE_STANDARD = gnu99;
				GCC_DYNAMIC_NO_PIC = NO;
				GCC_OPTIMIZATION_LEVEL = 0;
				GCC_PREPROCESSOR_DEFINITIONS = (
					"DEBUG=1",
					"$(inherited)",
				);
				GCC_SYMBOLS_PRIVATE_EXTERN = NO;
				GCC_WARN_ABOUT_RETURN_TYPE = YES;
				GCC_WARN_UNINITIALIZED_AUTOS = YES;
				GCC_WARN_UNUSED_VARIABLE = YES;
				IPHONEOS_DEPLOYMENT_TARGET = 6.0;
				SDKROOT = iphoneos;
			};
			name = Debug;
		};
		7F39260616893DD2006AF06C /* Release */ = {
			isa = XCBuildConfiguration;
			buildSettings = {
				ALWAYS_SEARCH_USER_PATHS = NO;
				CLANG_CXX_LANGUAGE_STANDARD = "gnu++0x";
				CLANG_CXX_LIBRARY = "libc++";
				CLANG_WARN_EMPTY_BODY = YES;
				CLANG_WARN__DUPLICATE_METHOD_MATCH = YES;
				"CODE_SIGN_IDENTITY[sdk=iphoneos*]" = "iPhone Developer";
				COPY_PHASE_STRIP = YES;
				GCC_C_LANGUAGE_STANDARD = gnu99;
				GCC_WARN_ABOUT_RETURN_TYPE = YES;
				GCC_WARN_UNINITIALIZED_AUTOS = YES;
				GCC_WARN_UNUSED_VARIABLE = YES;
				IPHONEOS_DEPLOYMENT_TARGET = 6.0;
				OTHER_CFLAGS = "-DNS_BLOCK_ASSERTIONS=1";
				SDKROOT = iphoneos;
				VALIDATE_PRODUCT = YES;
			};
			name = Release;
		};
		7F39260816893DD2006AF06C /* Debug */ = {
			isa = XCBuildConfiguration;
			buildSettings = {
				GCC_PRECOMPILE_PREFIX_HEADER = YES;
				GCC_PREFIX_HEADER = "ViewDemoSW/ViewDemoSW-Prefix.pch";
				INFOPLIST_FILE = "ViewDemoSW/ViewDemoSW-Info.plist";
				IPHONEOS_DEPLOYMENT_TARGET = 4.3;
				PRODUCT_NAME = "$(TARGET_NAME)";
				WRAPPER_EXTENSION = app;
			};
			name = Debug;
		};
		7F39260916893DD2006AF06C /* Release */ = {
			isa = XCBuildConfiguration;
			buildSettings = {
				GCC_PRECOMPILE_PREFIX_HEADER = YES;
				GCC_PREFIX_HEADER = "ViewDemoSW/ViewDemoSW-Prefix.pch";
				INFOPLIST_FILE = "ViewDemoSW/ViewDemoSW-Info.plist";
				IPHONEOS_DEPLOYMENT_TARGET = 4.3;
				PRODUCT_NAME = "$(TARGET_NAME)";
				WRAPPER_EXTENSION = app;
			};
			name = Release;
		};
		7F39260B16893DD2006AF06C /* Debug */ = {
			isa = XCBuildConfiguration;
			buildSettings = {
				BUNDLE_LOADER = "$(BUILT_PRODUCTS_DIR)/ViewDemoSW.app/ViewDemoSW";
				FRAMEWORK_SEARCH_PATHS = (
					"\"$(SDKROOT)/Developer/Library/Frameworks\"",
					"\"$(DEVELOPER_LIBRARY_DIR)/Frameworks\"",
				);
				GCC_PRECOMPILE_PREFIX_HEADER = YES;
				GCC_PREFIX_HEADER = "ViewDemoSW/ViewDemoSW-Prefix.pch";
				INFOPLIST_FILE = "ViewDemoSWTests/ViewDemoSWTests-Info.plist";
				PRODUCT_NAME = "$(TARGET_NAME)";
				TEST_HOST = "$(BUNDLE_LOADER)";
				WRAPPER_EXTENSION = octest;
			};
			name = Debug;
		};
		7F39260C16893DD2006AF06C /* Release */ = {
			isa = XCBuildConfiguration;
			buildSettings = {
				BUNDLE_LOADER = "$(BUILT_PRODUCTS_DIR)/ViewDemoSW.app/ViewDemoSW";
				FRAMEWORK_SEARCH_PATHS = (
					"\"$(SDKROOT)/Developer/Library/Frameworks\"",
					"\"$(DEVELOPER_LIBRARY_DIR)/Frameworks\"",
				);
				GCC_PRECOMPILE_PREFIX_HEADER = YES;
				GCC_PREFIX_HEADER = "ViewDemoSW/ViewDemoSW-Prefix.pch";
				INFOPLIST_FILE = "ViewDemoSWTests/ViewDemoSWTests-Info.plist";
				PRODUCT_NAME = "$(TARGET_NAME)";
				TEST_HOST = "$(BUNDLE_LOADER)";
				WRAPPER_EXTENSION = octest;
			};
			name = Release;
		};
/* End XCBuildConfiguration section */

/* Begin XCConfigurationList section */
		7F3925C816893DD1006AF06C /* Build configuration list for PBXProject "ViewDemoSW" */ = {
			isa = XCConfigurationList;
			buildConfigurations = (
				7F39260516893DD2006AF06C /* Debug */,
				7F39260616893DD2006AF06C /* Release */,
			);
			defaultConfigurationIsVisible = 0;
			defaultConfigurationName = Release;
		};
		7F39260716893DD2006AF06C /* Build configuration list for PBXNativeTarget "ViewDemoSW" */ = {
			isa = XCConfigurationList;
			buildConfigurations = (
				7F39260816893DD2006AF06C /* Debug */,
				7F39260916893DD2006AF06C /* Release */,
			);
			defaultConfigurationIsVisible = 0;
			defaultConfigurationName = Release;
		};
		7F39260A16893DD2006AF06C /* Build configuration list for PBXNativeTarget "ViewDemoSWTests" */ = {
			isa = XCConfigurationList;
			buildConfigurations = (
				7F39260B16893DD2006AF06C /* Debug */,
				7F39260C16893DD2006AF06C /* Release */,
			);
			defaultConfigurationIsVisible = 0;
			defaultConfigurationName = Release;
		};
/* End XCConfigurationList section */
	};
	rootObject = 7F3925C516893DD1006AF06C /* Project object */;
}
